{
  "version": 4,
  "terraform_version": "0.12.28",
  "serial": 1,
  "lineage": "aef57635-5452-b601-0cf3-17dbf778991b",
  "outputs": {},
  "resources": [
    {
      "mode": "data",
      "type": "aws_ami",
      "name": "server_ami",
      "provider": "provider.aws",
      "instances": [
        {
          "schema_version": 0,
          "attributes": {
            "architecture": "x86_64",
            "arn": "arn:aws:ec2:us-east-1::image/ami-0e9089763828757e1",
            "block_device_mappings": [
              {
                "device_name": "/dev/xvda",
                "ebs": {
                  "delete_on_termination": "true",
                  "encrypted": "false",
                  "iops": "0",
                  "snapshot_id": "snap-057747b7c71b91aa8",
                  "volume_size": "8",
                  "volume_type": "gp2"
                },
                "no_device": "",
                "virtual_name": ""
              }
            ],
            "creation_date": "2020-06-16T06:29:09.000Z",
            "description": "Amazon Linux AMI 2018.03.0.20200602.1 x86_64 HVM gp2",
            "executable_users": null,
            "filter": [
              {
                "name": "name",
                "values": [
                  "amzn-ami-hvm*-x86_64-gp2"
                ]
              }
            ],
            "hypervisor": "xen",
            "id": "ami-0e9089763828757e1",
            "image_id": "ami-0e9089763828757e1",
            "image_location": "amazon/amzn-ami-hvm-2018.03.0.20200602.1-x86_64-gp2",
            "image_owner_alias": "amazon",
            "image_type": "machine",
            "kernel_id": null,
            "most_recent": true,
            "name": "amzn-ami-hvm-2018.03.0.20200602.1-x86_64-gp2",
            "name_regex": null,
            "owner_id": "137112412989",
            "owners": [
              "amazon"
            ],
            "platform": null,
            "product_codes": [],
            "public": true,
            "ramdisk_id": null,
            "root_device_name": "/dev/xvda",
            "root_device_type": "ebs",
            "root_snapshot_id": "snap-057747b7c71b91aa8",
            "sriov_net_support": "simple",
            "state": "available",
            "state_reason": {
              "code": "UNSET",
              "message": "UNSET"
            },
            "tags": {},
            "virtualization_type": "hvm"
          }
        }
      ]
    },
    {
      "mode": "managed",
      "type": "aws_key_pair",
      "name": "tf_auth",
      "provider": "provider.aws",
      "instances": [
        {
          "schema_version": 1,
          "attributes": {
            "arn": "arn:aws:ec2:us-east-1:405873723470:key-pair/tfkey",
            "fingerprint": "63:de:a2:87:2f:af:bb:95:2f:7f:d6:2e:d5:0f:8a:31",
            "id": "tfkey",
            "key_name": "tfkey",
            "key_name_prefix": null,
            "key_pair_id": "key-0de383f489a808e75",
            "public_key": "ssh-rsa AAAAB3NzaC1yc2EAAAADAQABAAABAQCrywdt/UynvNwr1Mt8dFTVGVnx6sKXLCOZuW5NKWID7Sy7xSpRoqy0JbWhrXX7p3i7jHGBDBuv6fNdybCYWQe++2dz0nZPOodzjqDLkEMkSq5HHGZLxsi7OfsykCyFwEfXeyrDlQPt83KjQyrNu9KeWZxNefFwBPiwJ77FgYKrC+9o+h79UzxcL2wYzSCqHsBGKyKQkIy/0pSE0CHyErnVw4Ih/iuxQqQ9CcxF4s6j0rKluzBU5px864fxEBbpp22hzVTChDfbsF3YMx0MKB6kDTT4hTzFW1R6WJOjlQt0+9mQ17UFTipZYyPf0H6NkCpN0d40YdSF3fU4kKkYpfm1 edgar@DESKTOP-P1QISON",
            "tags": null
          },
          "private": "eyJzY2hlbWFfdmVyc2lvbiI6IjEifQ=="
        }
      ]
    }
  ]
}
