{
  "version": 4,
  "terraform_version": "0.12.28",
  "serial": 10,
  "lineage": "53344406-97eb-daf4-5cca-d62ecdb25621",
  "outputs": {},
  "resources": [
    {
      "mode": "managed",
      "type": "aws_cloudwatch_metric_alarm",
      "name": "foobar",
      "provider": "provider.aws",
      "instances": [
        {
          "schema_version": 1,
          "attributes": {
            "actions_enabled": true,
            "alarm_actions": [],
            "alarm_description": "This metric monitors ec2 cpu utilization",
            "alarm_name": "terraform-test-foobar5",
            "arn": "arn:aws:cloudwatch:us-east-1:405873723470:alarm:terraform-test-foobar5",
            "comparison_operator": "GreaterThanOrEqualToThreshold",
            "datapoints_to_alarm": 0,
            "dimensions": {},
            "evaluate_low_sample_count_percentiles": "",
            "evaluation_periods": 2,
            "extended_statistic": "",
            "id": "terraform-test-foobar5",
            "insufficient_data_actions": [],
            "metric_name": "DNSQueries",
            "metric_query": [],
            "namespace": "Route 53/Hosted Zone Metrics",
            "ok_actions": [],
            "period": 10,
            "statistic": "Average",
            "tags": {},
            "threshold": 2,
            "threshold_metric_id": "",
            "treat_missing_data": "missing",
            "unit": ""
          },
          "private": "eyJzY2hlbWFfdmVyc2lvbiI6IjEifQ=="
        }
      ]
    }
  ]
}
